
Microsoft Visual Studio Solution File, Format Version 12.00
# Visual Studio 15
Project("{FAE04EC0-301F-11D3-BF4B-00C04F79EFBC}") = "Assembly-CSharp", "Assembly-CSharp.csproj", "{F54F8EF0-FEAE-9046-7136-5E2E5D192548}"
EndProject
Project("{FAE04EC0-301F-11D3-BF4B-00C04F79EFBC}") = "Assembly-CSharp-Editor", "Assembly-CSharp-Editor.csproj", "{750782D1-CB76-EF7C-A6E7-BBAD8CEA3239}"
EndProject
Global
	GlobalSection(SolutionConfigurationPlatforms) = preSolution
		Debug|Any CPU = Debug|Any CPU
		Release|Any CPU = Release|Any CPU
	EndGlobalSection
	GlobalSection(ProjectConfigurationPlatforms) = postSolution
		{F54F8EF0-FEAE-9046-7136-5E2E5D192548}.Debug|Any CPU.ActiveCfg = Debug|Any CPU
		{F54F8EF0-FEAE-9046-7136-5E2E5D192548}.Debug|Any CPU.Build.0 = Debug|Any CPU
		{F54F8EF0-FEAE-9046-7136-5E2E5D192548}.Release|Any CPU.ActiveCfg = Release|Any CPU
		{F54F8EF0-FEAE-9046-7136-5E2E5D192548}.Release|Any CPU.Build.0 = Release|Any CPU
		{750782D1-CB76-EF7C-A6E7-BBAD8CEA3239}.Debug|Any CPU.ActiveCfg = Debug|Any CPU
		{750782D1-CB76-EF7C-A6E7-BBAD8CEA3239}.Debug|Any CPU.Build.0 = Debug|Any CPU
		{750782D1-CB76-EF7C-A6E7-BBAD8CEA3239}.Release|Any CPU.ActiveCfg = Release|Any CPU
		{750782D1-CB76-EF7C-A6E7-BBAD8CEA3239}.Release|Any CPU.Build.0 = Release|Any CPU
	EndGlobalSection
	GlobalSection(SolutionProperties) = preSolution
		HideSolutionNode = FALSE
	EndGlobalSection
EndGlobal
